
Microsoft Visual Studio Solution File, Format Version 12.00
# Visual Studio 15
VisualStudioVersion = 15.0.25807.0
MinimumVisualStudioVersion = 10.0.40219.1
Project("{2150E333-8FDC-42A3-9474-1A3956D46DE8}") = "Engine", "Engine", "{1FB295DA-2118-4F76-AC32-73FC0994F1E2}"
EndProject
Project("{2150E333-8FDC-42A3-9474-1A3956D46DE8}") = "Games", "Games", "{6E2B4390-E78B-4C1B-B0D5-846ED18A51CB}"
EndProject
Project("{8BC9CEB8-8B4A-11D0-8D11-00A0C91BC942}") = "UE4", "Intermediate\ProjectFiles\UE4.vcxproj", "{0310267E-8C88-4CAF-8F33-361C3A70FDC2}"
EndProject
Project("{8BC9CEB8-8B4A-11D0-8D11-00A0C91BC942}") = "fortheloveofgods", "Intermediate\ProjectFiles\fortheloveofgods.vcxproj", "{6F9075BC-A5D6-472D-80E1-3D165B95B581}"
EndProject
Project("{2150E333-8FDC-42A3-9474-1A3956D46DE8}") = "Visualizers", "Visualizers", "{374D80DD-D04D-4601-B70A-5EDE27371A33}"
	ProjectSection(SolutionItems) = preProject
		..\..\..\..\..\Games\Epic Games\UE_4.24\Engine\Extras\VisualStudioDebugging\UE4.natvis = ..\..\..\..\..\Games\Epic Games\UE_4.24\Engine\Extras\VisualStudioDebugging\UE4.natvis
	EndProjectSection
EndProject
Global
	GlobalSection(SolutionConfigurationPlatforms) = preSolution
		DebugGame Editor|Win32 = DebugGame Editor|Win32
		DebugGame Editor|Win64 = DebugGame Editor|Win64
		DebugGame|Win32 = DebugGame|Win32
		DebugGame|Win64 = DebugGame|Win64
		Development Editor|Win32 = Development Editor|Win32
		Development Editor|Win64 = Development Editor|Win64
		Development|Win32 = Development|Win32
		Development|Win64 = Development|Win64
		Shipping|Win32 = Shipping|Win32
		Shipping|Win64 = Shipping|Win64
	EndGlobalSection
	GlobalSection(ProjectConfigurationPlatforms) = postSolution
		{0310267E-8C88-4CAF-8F33-361C3A70FDC2}.DebugGame Editor|Win32.ActiveCfg = BuiltWithUnrealBuildTool|Win32
		{0310267E-8C88-4CAF-8F33-361C3A70FDC2}.DebugGame Editor|Win64.ActiveCfg = BuiltWithUnrealBuildTool|Win32
		{0310267E-8C88-4CAF-8F33-361C3A70FDC2}.DebugGame|Win32.ActiveCfg = BuiltWithUnrealBuildTool|Win32
		{0310267E-8C88-4CAF-8F33-361C3A70FDC2}.DebugGame|Win64.ActiveCfg = BuiltWithUnrealBuildTool|Win32
		{0310267E-8C88-4CAF-8F33-361C3A70FDC2}.Development Editor|Win32.ActiveCfg = BuiltWithUnrealBuildTool|Win32
		{0310267E-8C88-4CAF-8F33-361C3A70FDC2}.Development Editor|Win64.ActiveCfg = BuiltWithUnrealBuildTool|Win32
		{0310267E-8C88-4CAF-8F33-361C3A70FDC2}.Development|Win32.ActiveCfg = BuiltWithUnrealBuildTool|Win32
		{0310267E-8C88-4CAF-8F33-361C3A70FDC2}.Development|Win64.ActiveCfg = BuiltWithUnrealBuildTool|Win32
		{0310267E-8C88-4CAF-8F33-361C3A70FDC2}.Shipping|Win32.ActiveCfg = BuiltWithUnrealBuildTool|Win32
		{0310267E-8C88-4CAF-8F33-361C3A70FDC2}.Shipping|Win64.ActiveCfg = BuiltWithUnrealBuildTool|Win32
		{6F9075BC-A5D6-472D-80E1-3D165B95B581}.DebugGame Editor|Win32.ActiveCfg = Invalid|Win32
		{6F9075BC-A5D6-472D-80E1-3D165B95B581}.DebugGame Editor|Win64.ActiveCfg = DebugGame_Editor|x64
		{6F9075BC-A5D6-472D-80E1-3D165B95B581}.DebugGame Editor|Win64.Build.0 = DebugGame_Editor|x64
		{6F9075BC-A5D6-472D-80E1-3D165B95B581}.DebugGame|Win32.ActiveCfg = DebugGame|Win32
		{6F9075BC-A5D6-472D-80E1-3D165B95B581}.DebugGame|Win32.Build.0 = DebugGame|Win32
		{6F9075BC-A5D6-472D-80E1-3D165B95B581}.DebugGame|Win64.ActiveCfg = DebugGame|x64
		{6F9075BC-A5D6-472D-80E1-3D165B95B581}.DebugGame|Win64.Build.0 = DebugGame|x64
		{6F9075BC-A5D6-472D-80E1-3D165B95B581}.Development Editor|Win32.ActiveCfg = Invalid|Win32
		{6F9075BC-A5D6-472D-80E1-3D165B95B581}.Development Editor|Win64.ActiveCfg = Development_Editor|x64
		{6F9075BC-A5D6-472D-80E1-3D165B95B581}.Development Editor|Win64.Build.0 = Development_Editor|x64
		{6F9075BC-A5D6-472D-80E1-3D165B95B581}.Development|Win32.ActiveCfg = Development|Win32
		{6F9075BC-A5D6-472D-80E1-3D165B95B581}.Development|Win32.Build.0 = Development|Win32
		{6F9075BC-A5D6-472D-80E1-3D165B95B581}.Development|Win64.ActiveCfg = Development|x64
		{6F9075BC-A5D6-472D-80E1-3D165B95B581}.Development|Win64.Build.0 = Development|x64
		{6F9075BC-A5D6-472D-80E1-3D165B95B581}.Shipping|Win32.ActiveCfg = Shipping|Win32
		{6F9075BC-A5D6-472D-80E1-3D165B95B581}.Shipping|Win32.Build.0 = Shipping|Win32
		{6F9075BC-A5D6-472D-80E1-3D165B95B581}.Shipping|Win64.ActiveCfg = Shipping|x64
		{6F9075BC-A5D6-472D-80E1-3D165B95B581}.Shipping|Win64.Build.0 = Shipping|x64
	EndGlobalSection
	GlobalSection(SolutionProperties) = preSolution
		HideSolutionNode = FALSE
	EndGlobalSection
	GlobalSection(NestedProjects) = preSolution
		{0310267E-8C88-4CAF-8F33-361C3A70FDC2} = {1FB295DA-2118-4F76-AC32-73FC0994F1E2}
		{6F9075BC-A5D6-472D-80E1-3D165B95B581} = {6E2B4390-E78B-4C1B-B0D5-846ED18A51CB}
	EndGlobalSection
EndGlobal
